
Microsoft Visual Studio Solution File, Format Version 12.00
# Visual Studio Version 17
VisualStudioVersion = 17.6.33829.357
MinimumVisualStudioVersion = 10.0.40219.1
Project("{FAE04EC0-301F-11D3-BF4B-00C04F79EFBC}") = "Recettes", "Recettes.csproj", "{4DC887E2-2D32-426B-9B7B-28E67DD85740}"
EndProject
Global
	GlobalSection(SolutionConfigurationPlatforms) = preSolution
		Debug|Any CPU = Debug|Any CPU
		Release|Any CPU = Release|Any CPU
	EndGlobalSection
	GlobalSection(ProjectConfigurationPlatforms) = postSolution
		{4DC887E2-2D32-426B-9B7B-28E67DD85740}.Debug|Any CPU.ActiveCfg = Debug|Any CPU
		{4DC887E2-2D32-426B-9B7B-28E67DD85740}.Debug|Any CPU.Build.0 = Debug|Any CPU
		{4DC887E2-2D32-426B-9B7B-28E67DD85740}.Release|Any CPU.ActiveCfg = Release|Any CPU
		{4DC887E2-2D32-426B-9B7B-28E67DD85740}.Release|Any CPU.Build.0 = Release|Any CPU
	EndGlobalSection
	GlobalSection(SolutionProperties) = preSolution
		HideSolutionNode = FALSE
	EndGlobalSection
	GlobalSection(ExtensibilityGlobals) = postSolution
		SolutionGuid = {40A9B868-D28F-4B79-8EBD-9CDA10BC34C0}
	EndGlobalSection
EndGlobal
